
Microsoft Visual Studio Solution File, Format Version 12.00
# Visual Studio Version 17
VisualStudioVersion = 17.0.32112.339
MinimumVisualStudioVersion = 10.0.40219.1
Project("{9A19103F-16F7-4668-BE54-9A1E7A4F7556}") = "Wikimedia.Utilities.Console", "Wikimedia.Utilities.Console\Wikimedia.Utilities.Console.csproj", "{F22E990F-CD47-4B28-8A0F-5F2D9CBAC90E}"
EndProject
Project("{FAE04EC0-301F-11D3-BF4B-00C04F79EFBC}") = "Wikimedia.Utilities", "Wikimedia.Utilities\Wikimedia.Utilities.csproj", "{55F93570-FE73-4E93-8277-CFA794ED9A5A}"
EndProject
Project("{FAE04EC0-301F-11D3-BF4B-00C04F79EFBC}") = "Wikimedia.Utilities.Tests", "Wikimedia.Utilities.Tests\Wikimedia.Utilities.Tests.csproj", "{B8B65205-0BD3-4809-B80D-FE1DFE1E2729}"
EndProject
Global
	GlobalSection(SolutionConfigurationPlatforms) = preSolution
		Debug|Any CPU = Debug|Any CPU
		Release|Any CPU = Release|Any CPU
	EndGlobalSection
	GlobalSection(ProjectConfigurationPlatforms) = postSolution
		{F22E990F-CD47-4B28-8A0F-5F2D9CBAC90E}.Debug|Any CPU.ActiveCfg = Debug|Any CPU
		{F22E990F-CD47-4B28-8A0F-5F2D9CBAC90E}.Debug|Any CPU.Build.0 = Debug|Any CPU
		{F22E990F-CD47-4B28-8A0F-5F2D9CBAC90E}.Release|Any CPU.ActiveCfg = Release|Any CPU
		{F22E990F-CD47-4B28-8A0F-5F2D9CBAC90E}.Release|Any CPU.Build.0 = Release|Any CPU
		{55F93570-FE73-4E93-8277-CFA794ED9A5A}.Debug|Any CPU.ActiveCfg = Debug|Any CPU
		{55F93570-FE73-4E93-8277-CFA794ED9A5A}.Debug|Any CPU.Build.0 = Debug|Any CPU
		{55F93570-FE73-4E93-8277-CFA794ED9A5A}.Release|Any CPU.ActiveCfg = Release|Any CPU
		{55F93570-FE73-4E93-8277-CFA794ED9A5A}.Release|Any CPU.Build.0 = Release|Any CPU
		{B8B65205-0BD3-4809-B80D-FE1DFE1E2729}.Debug|Any CPU.ActiveCfg = Debug|Any CPU
		{B8B65205-0BD3-4809-B80D-FE1DFE1E2729}.Debug|Any CPU.Build.0 = Debug|Any CPU
		{B8B65205-0BD3-4809-B80D-FE1DFE1E2729}.Release|Any CPU.ActiveCfg = Release|Any CPU
		{B8B65205-0BD3-4809-B80D-FE1DFE1E2729}.Release|Any CPU.Build.0 = Release|Any CPU
	EndGlobalSection
	GlobalSection(SolutionProperties) = preSolution
		HideSolutionNode = FALSE
	EndGlobalSection
	GlobalSection(ExtensibilityGlobals) = postSolution
		SolutionGuid = {72C05C7D-F7C1-48FE-B379-233A7815C8BA}
	EndGlobalSection
EndGlobal
